
Microsoft Visual Studio Solution File, Format Version 12.00
Project("{FAE04EC0-301F-11D3-BF4B-00C04F79EFBC}") = "AirBnb.ServerApp.Api", "AirBnb.ServerApp.Api\AirBnb.ServerApp.Api.csproj", "{CF65E6F1-9D19-44EC-B347-1B0352371FB4}"
EndProject
Global
	GlobalSection(SolutionConfigurationPlatforms) = preSolution
		Debug|Any CPU = Debug|Any CPU
		Release|Any CPU = Release|Any CPU
	EndGlobalSection
	GlobalSection(ProjectConfigurationPlatforms) = postSolution
		{CF65E6F1-9D19-44EC-B347-1B0352371FB4}.Debug|Any CPU.ActiveCfg = Debug|Any CPU
		{CF65E6F1-9D19-44EC-B347-1B0352371FB4}.Debug|Any CPU.Build.0 = Debug|Any CPU
		{CF65E6F1-9D19-44EC-B347-1B0352371FB4}.Release|Any CPU.ActiveCfg = Release|Any CPU
		{CF65E6F1-9D19-44EC-B347-1B0352371FB4}.Release|Any CPU.Build.0 = Release|Any CPU
	EndGlobalSection
EndGlobal
